
Microsoft Visual Studio Solution File, Format Version 12.00
# Visual Studio Version 17
VisualStudioVersion = 17.11.35312.102
MinimumVisualStudioVersion = 10.0.40219.1
Project("{FAE04EC0-301F-11D3-BF4B-00C04F79EFBC}") = "AdvC#1-Demo", "AdvC#1-Demo.csproj", "{847A2F0E-EA69-4E8A-90D9-F960CB653003}"
EndProject
Global
	GlobalSection(SolutionConfigurationPlatforms) = preSolution
		Debug|Any CPU = Debug|Any CPU
		Release|Any CPU = Release|Any CPU
	EndGlobalSection
	GlobalSection(ProjectConfigurationPlatforms) = postSolution
		{847A2F0E-EA69-4E8A-90D9-F960CB653003}.Debug|Any CPU.ActiveCfg = Debug|Any CPU
		{847A2F0E-EA69-4E8A-90D9-F960CB653003}.Debug|Any CPU.Build.0 = Debug|Any CPU
		{847A2F0E-EA69-4E8A-90D9-F960CB653003}.Release|Any CPU.ActiveCfg = Release|Any CPU
		{847A2F0E-EA69-4E8A-90D9-F960CB653003}.Release|Any CPU.Build.0 = Release|Any CPU
	EndGlobalSection
	GlobalSection(SolutionProperties) = preSolution
		HideSolutionNode = FALSE
	EndGlobalSection
	GlobalSection(ExtensibilityGlobals) = postSolution
		SolutionGuid = {F4E57DF7-D0FC-4395-9F99-F6BA04A4C63F}
	EndGlobalSection
EndGlobal
